
Microsoft Visual Studio Solution File, Format Version 12.00
# Visual Studio Version 17
VisualStudioVersion = 17.14.36327.8 d17.14
MinimumVisualStudioVersion = 10.0.40219.1
Project("{FAE04EC0-301F-11D3-BF4B-00C04F79EFBC}") = "CondicionalMultiplos", "CondicionalMultiplos\CondicionalMultiplos.csproj", "{F261B31E-57F9-4DF1-B4B4-AE47F22C3547}"
EndProject
Global
	GlobalSection(SolutionConfigurationPlatforms) = preSolution
		Debug|Any CPU = Debug|Any CPU
		Release|Any CPU = Release|Any CPU
	EndGlobalSection
	GlobalSection(ProjectConfigurationPlatforms) = postSolution
		{F261B31E-57F9-4DF1-B4B4-AE47F22C3547}.Debug|Any CPU.ActiveCfg = Debug|Any CPU
		{F261B31E-57F9-4DF1-B4B4-AE47F22C3547}.Debug|Any CPU.Build.0 = Debug|Any CPU
		{F261B31E-57F9-4DF1-B4B4-AE47F22C3547}.Release|Any CPU.ActiveCfg = Release|Any CPU
		{F261B31E-57F9-4DF1-B4B4-AE47F22C3547}.Release|Any CPU.Build.0 = Release|Any CPU
	EndGlobalSection
	GlobalSection(SolutionProperties) = preSolution
		HideSolutionNode = FALSE
	EndGlobalSection
	GlobalSection(ExtensibilityGlobals) = postSolution
		SolutionGuid = {B0254779-535B-471D-873B-405DF317DAC9}
	EndGlobalSection
EndGlobal
