
Microsoft Visual Studio Solution File, Format Version 12.00
# Visual Studio Version 17
VisualStudioVersion = 17.14.36327.8 d17.14
MinimumVisualStudioVersion = 10.0.40219.1
Project("{FAE04EC0-301F-11D3-BF4B-00C04F79EFBC}") = "CondicionalParImpar", "CondicionalParImpar\CondicionalParImpar.csproj", "{85DE5567-4688-4BE6-812A-E2888CCEC398}"
EndProject
Global
	GlobalSection(SolutionConfigurationPlatforms) = preSolution
		Debug|Any CPU = Debug|Any CPU
		Release|Any CPU = Release|Any CPU
	EndGlobalSection
	GlobalSection(ProjectConfigurationPlatforms) = postSolution
		{85DE5567-4688-4BE6-812A-E2888CCEC398}.Debug|Any CPU.ActiveCfg = Debug|Any CPU
		{85DE5567-4688-4BE6-812A-E2888CCEC398}.Debug|Any CPU.Build.0 = Debug|Any CPU
		{85DE5567-4688-4BE6-812A-E2888CCEC398}.Release|Any CPU.ActiveCfg = Release|Any CPU
		{85DE5567-4688-4BE6-812A-E2888CCEC398}.Release|Any CPU.Build.0 = Release|Any CPU
	EndGlobalSection
	GlobalSection(SolutionProperties) = preSolution
		HideSolutionNode = FALSE
	EndGlobalSection
	GlobalSection(ExtensibilityGlobals) = postSolution
		SolutionGuid = {9AF41C9B-413A-4B5B-8395-7D8D0977169A}
	EndGlobalSection
EndGlobal
