
Microsoft Visual Studio Solution File, Format Version 12.00
# Visual Studio Version 17
VisualStudioVersion = 17.14.36327.8 d17.14
MinimumVisualStudioVersion = 10.0.40219.1
Project("{FAE04EC0-301F-11D3-BF4B-00C04F79EFBC}") = "Pensionato", "Pensionato\Pensionato.csproj", "{6F4B2A3D-7BF0-4094-8D73-79203E7D69B2}"
EndProject
Global
	GlobalSection(SolutionConfigurationPlatforms) = preSolution
		Debug|Any CPU = Debug|Any CPU
		Release|Any CPU = Release|Any CPU
	EndGlobalSection
	GlobalSection(ProjectConfigurationPlatforms) = postSolution
		{6F4B2A3D-7BF0-4094-8D73-79203E7D69B2}.Debug|Any CPU.ActiveCfg = Debug|Any CPU
		{6F4B2A3D-7BF0-4094-8D73-79203E7D69B2}.Debug|Any CPU.Build.0 = Debug|Any CPU
		{6F4B2A3D-7BF0-4094-8D73-79203E7D69B2}.Release|Any CPU.ActiveCfg = Release|Any CPU
		{6F4B2A3D-7BF0-4094-8D73-79203E7D69B2}.Release|Any CPU.Build.0 = Release|Any CPU
	EndGlobalSection
	GlobalSection(SolutionProperties) = preSolution
		HideSolutionNode = FALSE
	EndGlobalSection
	GlobalSection(ExtensibilityGlobals) = postSolution
		SolutionGuid = {516393C0-8DC5-4F57-BC04-0B3B9E83FC5C}
	EndGlobalSection
EndGlobal
