
Microsoft Visual Studio Solution File, Format Version 12.00
# Visual Studio Version 17
VisualStudioVersion = 17.14.36327.8 d17.14
MinimumVisualStudioVersion = 10.0.40219.1
Project("{FAE04EC0-301F-11D3-BF4B-00C04F79EFBC}") = "WhileQuadrante", "WhileQuadrante\WhileQuadrante.csproj", "{F5404905-3D47-4EB1-A4A1-59FE606D99B3}"
EndProject
Global
	GlobalSection(SolutionConfigurationPlatforms) = preSolution
		Debug|Any CPU = Debug|Any CPU
		Release|Any CPU = Release|Any CPU
	EndGlobalSection
	GlobalSection(ProjectConfigurationPlatforms) = postSolution
		{F5404905-3D47-4EB1-A4A1-59FE606D99B3}.Debug|Any CPU.ActiveCfg = Debug|Any CPU
		{F5404905-3D47-4EB1-A4A1-59FE606D99B3}.Debug|Any CPU.Build.0 = Debug|Any CPU
		{F5404905-3D47-4EB1-A4A1-59FE606D99B3}.Release|Any CPU.ActiveCfg = Release|Any CPU
		{F5404905-3D47-4EB1-A4A1-59FE606D99B3}.Release|Any CPU.Build.0 = Release|Any CPU
	EndGlobalSection
	GlobalSection(SolutionProperties) = preSolution
		HideSolutionNode = FALSE
	EndGlobalSection
	GlobalSection(ExtensibilityGlobals) = postSolution
		SolutionGuid = {1867F97B-F78B-4DFE-A80D-7D712319357F}
	EndGlobalSection
EndGlobal
